
Microsoft Visual Studio Solution File, Format Version 12.00
# Visual Studio Version 17
VisualStudioVersion = 17.2.32616.157
MinimumVisualStudioVersion = 10.0.40219.1
Project("{FAE04EC0-301F-11D3-BF4B-00C04F79EFBC}") = "ConsoleUI", "ConsoleUI\ConsoleUI.csproj", "{C9A89C1F-4DAF-4AE1-9C4D-9E67B03245B8}"
EndProject
Global
	GlobalSection(SolutionConfigurationPlatforms) = preSolution
		Debug|Any CPU = Debug|Any CPU
		Release|Any CPU = Release|Any CPU
	EndGlobalSection
	GlobalSection(ProjectConfigurationPlatforms) = postSolution
		{C9A89C1F-4DAF-4AE1-9C4D-9E67B03245B8}.Debug|Any CPU.ActiveCfg = Debug|Any CPU
		{C9A89C1F-4DAF-4AE1-9C4D-9E67B03245B8}.Debug|Any CPU.Build.0 = Debug|Any CPU
		{C9A89C1F-4DAF-4AE1-9C4D-9E67B03245B8}.Release|Any CPU.ActiveCfg = Release|Any CPU
		{C9A89C1F-4DAF-4AE1-9C4D-9E67B03245B8}.Release|Any CPU.Build.0 = Release|Any CPU
	EndGlobalSection
	GlobalSection(SolutionProperties) = preSolution
		HideSolutionNode = FALSE
	EndGlobalSection
	GlobalSection(ExtensibilityGlobals) = postSolution
		SolutionGuid = {4455D1BA-2972-4178-9E2A-631DFE2CB18B}
	EndGlobalSection
EndGlobal
